// !$*UTF8*$!
{
	archiveVersion = 1;
	classes = {
	};
	objectVersion = 46;
	objects = {

/* Begin PBXBuildFile section */
		2208951519507DE400A56F6E /* download (8).jpeg in Resources */ = {isa = PBXBuildFile; fileRef = 2208951419507DE400A56F6E /* download (8).jpeg */; };
		22A660AE193EEE1000809658 /* DeailsViewController.m in Sources */ = {isa = PBXBuildFile; fileRef = 22A660AD193EEE0F00809658 /* DeailsViewController.m */; };
		22A660B1193EEE1C00809658 /* LogInViewController.m in Sources */ = {isa = PBXBuildFile; fileRef = 22A660B0193EEE1C00809658 /* LogInViewController.m */; };
		22A660B3193EEF9500809658 /* download (6).jpeg in Resources */ = {isa = PBXBuildFile; fileRef = 22A660B2193EEF9500809658 /* download (6).jpeg */; };
		22A660B5193EF8E600809658 /* EmployeeDetail.plist in Resources */ = {isa = PBXBuildFile; fileRef = 22A660B4193EF8E600809658 /* EmployeeDetail.plist */; };
		22A660B8193F3B7700809658 /* SeatViewController.m in Sources */ = {isa = PBXBuildFile; fileRef = 22A660B7193F3B7700809658 /* SeatViewController.m */; };
		22C9A8FF19406CB700A154B0 /* NewEmployeeViewController.m in Sources */ = {isa = PBXBuildFile; fileRef = 22C9A8FE19406CB700A154B0 /* NewEmployeeViewController.m */; };
		22D68F12194EDE7300AC37AD /* Default@2x.png in Resources */ = {isa = PBXBuildFile; fileRef = 22D68F11194EDE7300AC37AD /* Default@2x.png */; };
		22D9569B194571FF00AFBDB7 /* download (7).jpeg in Resources */ = {isa = PBXBuildFile; fileRef = 22D9569A194571FF00AFBDB7 /* download (7).jpeg */; };
		22D9569E1945BA8700AFBDB7 /* SwapViewController.m in Sources */ = {isa = PBXBuildFile; fileRef = 22D9569D1945BA8700AFBDB7 /* SwapViewController.m */; };
		22DA98FB19497252008B1EA4 /* Parse.framework in Frameworks */ = {isa = PBXBuildFile; fileRef = 22DA98FA19497252008B1EA4 /* Parse.framework */; };
		22DA98FD19497260008B1EA4 /* SystemConfiguration.framework in Frameworks */ = {isa = PBXBuildFile; fileRef = 22DA98FC19497260008B1EA4 /* SystemConfiguration.framework */; };
		22DA98FF19497271008B1EA4 /* StoreKit.framework in Frameworks */ = {isa = PBXBuildFile; fileRef = 22DA98FE19497271008B1EA4 /* StoreKit.framework */; };
		22DA990119497286008B1EA4 /* Security.framework in Frameworks */ = {isa = PBXBuildFile; fileRef = 22DA990019497286008B1EA4 /* Security.framework */; };
		22DA9905194972C0008B1EA4 /* AudioToolbox.framework in Frameworks */ = {isa = PBXBuildFile; fileRef = 22DA9902194972C0008B1EA4 /* AudioToolbox.framework */; };
		22DA9906194972C0008B1EA4 /* libz.dylib in Frameworks */ = {isa = PBXBuildFile; fileRef = 22DA9903194972C0008B1EA4 /* libz.dylib */; };
		22DA9907194972C0008B1EA4 /* QuartzCore.framework in Frameworks */ = {isa = PBXBuildFile; fileRef = 22DA9904194972C0008B1EA4 /* QuartzCore.framework */; };
		22DA99091949730C008B1EA4 /* CFNetwork.framework in Frameworks */ = {isa = PBXBuildFile; fileRef = 22DA99081949730C008B1EA4 /* CFNetwork.framework */; };
		22DA990B1949731E008B1EA4 /* CoreLocation.framework in Frameworks */ = {isa = PBXBuildFile; fileRef = 22DA990A1949731E008B1EA4 /* CoreLocation.framework */; };
		22DA990D1949732C008B1EA4 /* MobileCoreServices.framework in Frameworks */ = {isa = PBXBuildFile; fileRef = 22DA990C1949732C008B1EA4 /* MobileCoreServices.framework */; };
		22DA990F194984A7008B1EA4 /* QbAppDelegate.m in Sources */ = {isa = PBXBuildFile; fileRef = 22DA990E194984A6008B1EA4 /* QbAppDelegate.m */; };
		22EB9EA519417B9700DB7AA2 /* TableCell.m in Sources */ = {isa = PBXBuildFile; fileRef = 22EB9EA419417B9700DB7AA2 /* TableCell.m */; };
		22EB9EA819417BF500DB7AA2 /* NoSeatViewController.m in Sources */ = {isa = PBXBuildFile; fileRef = 22EB9EA719417BF500DB7AA2 /* NoSeatViewController.m */; };
		22FB1E26193ED83900D960F7 /* Foundation.framework in Frameworks */ = {isa = PBXBuildFile; fileRef = 22FB1E25193ED83900D960F7 /* Foundation.framework */; };
		22FB1E28193ED83900D960F7 /* CoreGraphics.framework in Frameworks */ = {isa = PBXBuildFile; fileRef = 22FB1E27193ED83900D960F7 /* CoreGraphics.framework */; };
		22FB1E2A193ED83900D960F7 /* UIKit.framework in Frameworks */ = {isa = PBXBuildFile; fileRef = 22FB1E29193ED83900D960F7 /* UIKit.framework */; };
		22FB1E30193ED83900D960F7 /* InfoPlist.strings in Resources */ = {isa = PBXBuildFile; fileRef = 22FB1E2E193ED83900D960F7 /* InfoPlist.strings */; };
		22FB1E32193ED83900D960F7 /* main.m in Sources */ = {isa = PBXBuildFile; fileRef = 22FB1E31193ED83900D960F7 /* main.m */; };
		22FB1E39193ED83900D960F7 /* Main_iPhone.storyboard in Resources */ = {isa = PBXBuildFile; fileRef = 22FB1E37193ED83900D960F7 /* Main_iPhone.storyboard */; };
		22FB1E3C193ED83900D960F7 /* Main_iPad.storyboard in Resources */ = {isa = PBXBuildFile; fileRef = 22FB1E3A193ED83900D960F7 /* Main_iPad.storyboard */; };
		22FB1E41193ED83900D960F7 /* Images.xcassets in Resources */ = {isa = PBXBuildFile; fileRef = 22FB1E40193ED83900D960F7 /* Images.xcassets */; };
		22FB1E48193ED83900D960F7 /* XCTest.framework in Frameworks */ = {isa = PBXBuildFile; fileRef = 22FB1E47193ED83900D960F7 /* XCTest.framework */; };
		22FB1E49193ED83900D960F7 /* Foundation.framework in Frameworks */ = {isa = PBXBuildFile; fileRef = 22FB1E25193ED83900D960F7 /* Foundation.framework */; };
		22FB1E4A193ED83900D960F7 /* UIKit.framework in Frameworks */ = {isa = PBXBuildFile; fileRef = 22FB1E29193ED83900D960F7 /* UIKit.framework */; };
		22FB1E52193ED83900D960F7 /* InfoPlist.strings in Resources */ = {isa = PBXBuildFile; fileRef = 22FB1E50193ED83900D960F7 /* InfoPlist.strings */; };
		22FB1E54193ED83900D960F7 /* SeatingAtQburstTests.m in Sources */ = {isa = PBXBuildFile; fileRef = 22FB1E53193ED83900D960F7 /* SeatingAtQburstTests.m */; };
/* End PBXBuildFile section */

/* Begin PBXContainerItemProxy section */
		22DA98F8194971DC008B1EA4 /* PBXContainerItemProxy */ = {
			isa = PBXContainerItemProxy;
			containerPortal = 22DA98F4194971DC008B1EA4 /* ParseStarterProject.xcodeproj */;
			proxyType = 2;
			remoteGlobalIDString = 09ABC06D13A1D52D009C3FCF;
			remoteInfo = ParseStarterProject;
		};
		22FB1E4B193ED83900D960F7 /* PBXContainerItemProxy */ = {
			isa = PBXContainerItemProxy;
			containerPortal = 22FB1E1A193ED83900D960F7 /* Project object */;
			proxyType = 1;
			remoteGlobalIDString = 22FB1E21193ED83900D960F7;
			remoteInfo = SeatingAtQburst;
		};
/* End PBXContainerItemProxy section */

/* Begin PBXFileReference section */
		2208951419507DE400A56F6E /* download (8).jpeg */ = {isa = PBXFileReference; lastKnownFileType = image.jpeg; name = "download (8).jpeg"; path = "../../Downloads/download (8).jpeg"; sourceTree = "<group>"; };
		22A660AC193EEE0F00809658 /* DeailsViewController.h */ = {isa = PBXFileReference; fileEncoding = 4; lastKnownFileType = sourcecode.c.h; path = DeailsViewController.h; sourceTree = "<group>"; };
		22A660AD193EEE0F00809658 /* DeailsViewController.m */ = {isa = PBXFileReference; fileEncoding = 4; lastKnownFileType = sourcecode.c.objc; path = DeailsViewController.m; sourceTree = "<group>"; };
		22A660AF193EEE1C00809658 /* LogInViewController.h */ = {isa = PBXFileReference; fileEncoding = 4; lastKnownFileType = sourcecode.c.h; path = LogInViewController.h; sourceTree = "<group>"; };
		22A660B0193EEE1C00809658 /* LogInViewController.m */ = {isa = PBXFileReference; fileEncoding = 4; lastKnownFileType = sourcecode.c.objc; path = LogInViewController.m; sourceTree = "<group>"; };
		22A660B2193EEF9500809658 /* download (6).jpeg */ = {isa = PBXFileReference; lastKnownFileType = image.jpeg; name = "download (6).jpeg"; path = "../../Downloads/download (6).jpeg"; sourceTree = "<group>"; };
		22A660B4193EF8E600809658 /* EmployeeDetail.plist */ = {isa = PBXFileReference; fileEncoding = 4; lastKnownFileType = text.plist.xml; path = EmployeeDetail.plist; sourceTree = "<group>"; };
		22A660B6193F3B7700809658 /* SeatViewController.h */ = {isa = PBXFileReference; fileEncoding = 4; lastKnownFileType = sourcecode.c.h; path = SeatViewController.h; sourceTree = "<group>"; };
		22A660B7193F3B7700809658 /* SeatViewController.m */ = {isa = PBXFileReference; fileEncoding = 4; lastKnownFileType = sourcecode.c.objc; path = SeatViewController.m; sourceTree = "<group>"; };
		22C9A8FD19406CB700A154B0 /* NewEmployeeViewController.h */ = {isa = PBXFileReference; fileEncoding = 4; lastKnownFileType = sourcecode.c.h; path = NewEmployeeViewController.h; sourceTree = "<group>"; };
		22C9A8FE19406CB700A154B0 /* NewEmployeeViewController.m */ = {isa = PBXFileReference; fileEncoding = 4; lastKnownFileType = sourcecode.c.objc; path = NewEmployeeViewController.m; sourceTree = "<group>"; };
		22D68F11194EDE7300AC37AD /* Default@2x.png */ = {isa = PBXFileReference; lastKnownFileType = image.png; name = "Default@2x.png"; path = "../../Downloads/Default@2x.png"; sourceTree = "<group>"; };
		22D9569A194571FF00AFBDB7 /* download (7).jpeg */ = {isa = PBXFileReference; lastKnownFileType = image.jpeg; name = "download (7).jpeg"; path = "../../Downloads/download (7).jpeg"; sourceTree = "<group>"; };
		22D9569C1945BA8700AFBDB7 /* SwapViewController.h */ = {isa = PBXFileReference; fileEncoding = 4; lastKnownFileType = sourcecode.c.h; path = SwapViewController.h; sourceTree = "<group>"; };
		22D9569D1945BA8700AFBDB7 /* SwapViewController.m */ = {isa = PBXFileReference; fileEncoding = 4; lastKnownFileType = sourcecode.c.objc; path = SwapViewController.m; sourceTree = "<group>"; };
		22DA98F2194971C4008B1EA4 /* Parse */ = {isa = PBXFileReference; lastKnownFileType = archive.ar; name = Parse; path = ../ParseStarterProject/Parse.framework/Parse; sourceTree = "<group>"; };
		22DA98F4194971DC008B1EA4 /* ParseStarterProject.xcodeproj */ = {isa = PBXFileReference; lastKnownFileType = "wrapper.pb-project"; name = ParseStarterProject.xcodeproj; path = ../ParseStarterProject/ParseStarterProject.xcodeproj; sourceTree = "<group>"; };
		22DA98FA19497252008B1EA4 /* Parse.framework */ = {isa = PBXFileReference; lastKnownFileType = wrapper.framework; name = Parse.framework; path = ../../Downloads/ParseStarterProject/Parse.framework; sourceTree = "<group>"; };
		22DA98FC19497260008B1EA4 /* SystemConfiguration.framework */ = {isa = PBXFileReference; lastKnownFileType = wrapper.framework; name = SystemConfiguration.framework; path = System/Library/Frameworks/SystemConfiguration.framework; sourceTree = SDKROOT; };
		22DA98FE19497271008B1EA4 /* StoreKit.framework */ = {isa = PBXFileReference; lastKnownFileType = wrapper.framework; name = StoreKit.framework; path = System/Library/Frameworks/StoreKit.framework; sourceTree = SDKROOT; };
		22DA990019497286008B1EA4 /* Security.framework */ = {isa = PBXFileReference; lastKnownFileType = wrapper.framework; name = Security.framework; path = System/Library/Frameworks/Security.framework; sourceTree = SDKROOT; };
		22DA9902194972C0008B1EA4 /* AudioToolbox.framework */ = {isa = PBXFileReference; lastKnownFileType = wrapper.framework; name = AudioToolbox.framework; path = System/Library/Frameworks/AudioToolbox.framework; sourceTree = SDKROOT; };
		22DA9903194972C0008B1EA4 /* libz.dylib */ = {isa = PBXFileReference; lastKnownFileType = "compiled.mach-o.dylib"; name = libz.dylib; path = usr/lib/libz.dylib; sourceTree = SDKROOT; };
		22DA9904194972C0008B1EA4 /* QuartzCore.framework */ = {isa = PBXFileReference; lastKnownFileType = wrapper.framework; name = QuartzCore.framework; path = System/Library/Frameworks/QuartzCore.framework; sourceTree = SDKROOT; };
		22DA99081949730C008B1EA4 /* CFNetwork.framework */ = {isa = PBXFileReference; lastKnownFileType = wrapper.framework; name = CFNetwork.framework; path = System/Library/Frameworks/CFNetwork.framework; sourceTree = SDKROOT; };
		22DA990A1949731E008B1EA4 /* CoreLocation.framework */ = {isa = PBXFileReference; lastKnownFileType = wrapper.framework; name = CoreLocation.framework; path = System/Library/Frameworks/CoreLocation.framework; sourceTree = SDKROOT; };
		22DA990C1949732C008B1EA4 /* MobileCoreServices.framework */ = {isa = PBXFileReference; lastKnownFileType = wrapper.framework; name = MobileCoreServices.framework; path = System/Library/Frameworks/MobileCoreServices.framework; sourceTree = SDKROOT; };
		22DA990E194984A6008B1EA4 /* QbAppDelegate.m */ = {isa = PBXFileReference; fileEncoding = 4; lastKnownFileType = sourcecode.c.objc; path = QbAppDelegate.m; sourceTree = "<group>"; };
		22EB9EA319417B9700DB7AA2 /* TableCell.h */ = {isa = PBXFileReference; fileEncoding = 4; lastKnownFileType = sourcecode.c.h; path = TableCell.h; sourceTree = "<group>"; };
		22EB9EA419417B9700DB7AA2 /* TableCell.m */ = {isa = PBXFileReference; fileEncoding = 4; lastKnownFileType = sourcecode.c.objc; path = TableCell.m; sourceTree = "<group>"; };
		22EB9EA619417BF500DB7AA2 /* NoSeatViewController.h */ = {isa = PBXFileReference; fileEncoding = 4; lastKnownFileType = sourcecode.c.h; path = NoSeatViewController.h; sourceTree = "<group>"; };
		22EB9EA719417BF500DB7AA2 /* NoSeatViewController.m */ = {isa = PBXFileReference; fileEncoding = 4; lastKnownFileType = sourcecode.c.objc; path = NoSeatViewController.m; sourceTree = "<group>"; };
		22FB1E22193ED83900D960F7 /* SeatingAtQburst.app */ = {isa = PBXFileReference; explicitFileType = wrapper.application; includeInIndex = 0; path = SeatingAtQburst.app; sourceTree = BUILT_PRODUCTS_DIR; };
		22FB1E25193ED83900D960F7 /* Foundation.framework */ = {isa = PBXFileReference; lastKnownFileType = wrapper.framework; name = Foundation.framework; path = System/Library/Frameworks/Foundation.framework; sourceTree = SDKROOT; };
		22FB1E27193ED83900D960F7 /* CoreGraphics.framework */ = {isa = PBXFileReference; lastKnownFileType = wrapper.framework; name = CoreGraphics.framework; path = System/Library/Frameworks/CoreGraphics.framework; sourceTree = SDKROOT; };
		22FB1E29193ED83900D960F7 /* UIKit.framework */ = {isa = PBXFileReference; lastKnownFileType = wrapper.framework; name = UIKit.framework; path = System/Library/Frameworks/UIKit.framework; sourceTree = SDKROOT; };
		22FB1E2D193ED83900D960F7 /* SeatingAtQburst-Info.plist */ = {isa = PBXFileReference; lastKnownFileType = text.plist.xml; path = "SeatingAtQburst-Info.plist"; sourceTree = "<group>"; };
		22FB1E2F193ED83900D960F7 /* en */ = {isa = PBXFileReference; lastKnownFileType = text.plist.strings; name = en; path = en.lproj/InfoPlist.strings; sourceTree = "<group>"; };
		22FB1E31193ED83900D960F7 /* main.m */ = {isa = PBXFileReference; lastKnownFileType = sourcecode.c.objc; path = main.m; sourceTree = "<group>"; };
		22FB1E33193ED83900D960F7 /* SeatingAtQburst-Prefix.pch */ = {isa = PBXFileReference; lastKnownFileType = sourcecode.c.h; path = "SeatingAtQburst-Prefix.pch"; sourceTree = "<group>"; };
		22FB1E34193ED83900D960F7 /* QbAppDelegate.h */ = {isa = PBXFileReference; lastKnownFileType = sourcecode.c.h; path = QbAppDelegate.h; sourceTree = "<group>"; };
		22FB1E38193ED83900D960F7 /* Base */ = {isa = PBXFileReference; lastKnownFileType = file.storyboard; name = Base; path = Base.lproj/Main_iPhone.storyboard; sourceTree = "<group>"; };
		22FB1E3B193ED83900D960F7 /* Base */ = {isa = PBXFileReference; lastKnownFileType = file.storyboard; name = Base; path = Base.lproj/Main_iPad.storyboard; sourceTree = "<group>"; };
		22FB1E40193ED83900D960F7 /* Images.xcassets */ = {isa = PBXFileReference; lastKnownFileType = folder.assetcatalog; path = Images.xcassets; sourceTree = "<group>"; };
		22FB1E46193ED83900D960F7 /* SeatingAtQburstTests.xctest */ = {isa = PBXFileReference; explicitFileType = wrapper.cfbundle; includeInIndex = 0; path = SeatingAtQburstTests.xctest; sourceTree = BUILT_PRODUCTS_DIR; };
		22FB1E47193ED83900D960F7 /* XCTest.framework */ = {isa = PBXFileReference; lastKnownFileType = wrapper.framework; name = XCTest.framework; path = Library/Frameworks/XCTest.framework; sourceTree = DEVELOPER_DIR; };
		22FB1E4F193ED83900D960F7 /* SeatingAtQburstTests-Info.plist */ = {isa = PBXFileReference; lastKnownFileType = text.plist.xml; path = "SeatingAtQburstTests-Info.plist"; sourceTree = "<group>"; };
		22FB1E51193ED83900D960F7 /* en */ = {isa = PBXFileReference; lastKnownFileType = text.plist.strings; name = en; path = en.lproj/InfoPlist.strings; sourceTree = "<group>"; };
		22FB1E53193ED83900D960F7 /* SeatingAtQburstTests.m */ = {isa = PBXFileReference; lastKnownFileType = sourcecode.c.objc; path = SeatingAtQburstTests.m; sourceTree = "<group>"; };
/* End PBXFileReference section */

/* Begin PBXFrameworksBuildPhase section */
		22FB1E1F193ED83900D960F7 /* Frameworks */ = {
			isa = PBXFrameworksBuildPhase;
			buildActionMask = 2147483647;
			files = (
				22DA990D1949732C008B1EA4 /* MobileCoreServices.framework in Frameworks */,
				22DA990B1949731E008B1EA4 /* CoreLocation.framework in Frameworks */,
				22DA99091949730C008B1EA4 /* CFNetwork.framework in Frameworks */,
				22DA9905194972C0008B1EA4 /* AudioToolbox.framework in Frameworks */,
				22DA9906194972C0008B1EA4 /* libz.dylib in Frameworks */,
				22DA9907194972C0008B1EA4 /* QuartzCore.framework in Frameworks */,
				22DA990119497286008B1EA4 /* Security.framework in Frameworks */,
				22DA98FF19497271008B1EA4 /* StoreKit.framework in Frameworks */,
				22DA98FD19497260008B1EA4 /* SystemConfiguration.framework in Frameworks */,
				22FB1E28193ED83900D960F7 /* CoreGraphics.framework in Frameworks */,
				22FB1E2A193ED83900D960F7 /* UIKit.framework in Frameworks */,
				22DA98FB19497252008B1EA4 /* Parse.framework in Frameworks */,
				22FB1E26193ED83900D960F7 /* Foundation.framework in Frameworks */,
			);
			runOnlyForDeploymentPostprocessing = 0;
		};
		22FB1E43193ED83900D960F7 /* Frameworks */ = {
			isa = PBXFrameworksBuildPhase;
			buildActionMask = 2147483647;
			files = (
				22FB1E48193ED83900D960F7 /* XCTest.framework in Frameworks */,
				22FB1E4A193ED83900D960F7 /* UIKit.framework in Frameworks */,
				22FB1E49193ED83900D960F7 /* Foundation.framework in Frameworks */,
			);
			runOnlyForDeploymentPostprocessing = 0;
		};
/* End PBXFrameworksBuildPhase section */

/* Begin PBXGroup section */
		22DA98F5194971DC008B1EA4 /* Products */ = {
			isa = PBXGroup;
			children = (
				22DA98F9194971DC008B1EA4 /* ParseStarterProject.app */,
			);
			name = Products;
			sourceTree = "<group>";
		};
		22FB1E19193ED83900D960F7 = {
			isa = PBXGroup;
			children = (
				22FB1E37193ED83900D960F7 /* Main_iPhone.storyboard */,
				22A660B6193F3B7700809658 /* SeatViewController.h */,
				22A660B7193F3B7700809658 /* SeatViewController.m */,
				22D9569C1945BA8700AFBDB7 /* SwapViewController.h */,
				22D9569D1945BA8700AFBDB7 /* SwapViewController.m */,
				22EB9EA619417BF500DB7AA2 /* NoSeatViewController.h */,
				22EB9EA719417BF500DB7AA2 /* NoSeatViewController.m */,
				22C9A8FD19406CB700A154B0 /* NewEmployeeViewController.h */,
				22C9A8FE19406CB700A154B0 /* NewEmployeeViewController.m */,
				22A660AF193EEE1C00809658 /* LogInViewController.h */,
				22A660B0193EEE1C00809658 /* LogInViewController.m */,
				22A660AC193EEE0F00809658 /* DeailsViewController.h */,
				22A660AD193EEE0F00809658 /* DeailsViewController.m */,
				22EB9EA319417B9700DB7AA2 /* TableCell.h */,
				22A660B4193EF8E600809658 /* EmployeeDetail.plist */,
				22EB9EA419417B9700DB7AA2 /* TableCell.m */,
				2208951419507DE400A56F6E /* download (8).jpeg */,
				22A660B2193EEF9500809658 /* download (6).jpeg */,
				22D9569A194571FF00AFBDB7 /* download (7).jpeg */,
				22D68F11194EDE7300AC37AD /* Default@2x.png */,
				22DA98FA19497252008B1EA4 /* Parse.framework */,
				22FB1E2B193ED83900D960F7 /* SeatingAtQburst */,
				22FB1E4D193ED83900D960F7 /* SeatingAtQburstTests */,
				22FB1E24193ED83900D960F7 /* Frameworks */,
				22FB1E23193ED83900D960F7 /* Products */,
			);
			sourceTree = "<group>";
		};
		22FB1E23193ED83900D960F7 /* Products */ = {
			isa = PBXGroup;
			children = (
				22FB1E22193ED83900D960F7 /* SeatingAtQburst.app */,
				22FB1E46193ED83900D960F7 /* SeatingAtQburstTests.xctest */,
			);
			name = Products;
			sourceTree = "<group>";
		};
		22FB1E24193ED83900D960F7 /* Frameworks */ = {
			isa = PBXGroup;
			children = (
				22DA990C1949732C008B1EA4 /* MobileCoreServices.framework */,
				22DA990A1949731E008B1EA4 /* CoreLocation.framework */,
				22DA99081949730C008B1EA4 /* CFNetwork.framework */,
				22DA9902194972C0008B1EA4 /* AudioToolbox.framework */,
				22DA9903194972C0008B1EA4 /* libz.dylib */,
				22DA9904194972C0008B1EA4 /* QuartzCore.framework */,
				22DA990019497286008B1EA4 /* Security.framework */,
				22DA98FE19497271008B1EA4 /* StoreKit.framework */,
				22DA98FC19497260008B1EA4 /* SystemConfiguration.framework */,
				22DA98F4194971DC008B1EA4 /* ParseStarterProject.xcodeproj */,
				22DA98F2194971C4008B1EA4 /* Parse */,
				22FB1E25193ED83900D960F7 /* Foundation.framework */,
				22FB1E27193ED83900D960F7 /* CoreGraphics.framework */,
				22FB1E29193ED83900D960F7 /* UIKit.framework */,
				22FB1E47193ED83900D960F7 /* XCTest.framework */,
			);
			name = Frameworks;
			sourceTree = "<group>";
		};
		22FB1E2B193ED83900D960F7 /* SeatingAtQburst */ = {
			isa = PBXGroup;
			children = (
				22DA990E194984A6008B1EA4 /* QbAppDelegate.m */,
				22FB1E3A193ED83900D960F7 /* Main_iPad.storyboard */,
				22FB1E34193ED83900D960F7 /* QbAppDelegate.h */,
				22FB1E40193ED83900D960F7 /* Images.xcassets */,
				22FB1E2C193ED83900D960F7 /* Supporting Files */,
			);
			path = SeatingAtQburst;
			sourceTree = "<group>";
		};
		22FB1E2C193ED83900D960F7 /* Supporting Files */ = {
			isa = PBXGroup;
			children = (
				22FB1E2D193ED83900D960F7 /* SeatingAtQburst-Info.plist */,
				22FB1E2E193ED83900D960F7 /* InfoPlist.strings */,
				22FB1E31193ED83900D960F7 /* main.m */,
				22FB1E33193ED83900D960F7 /* SeatingAtQburst-Prefix.pch */,
			);
			name = "Supporting Files";
			sourceTree = "<group>";
		};
		22FB1E4D193ED83900D960F7 /* SeatingAtQburstTests */ = {
			isa = PBXGroup;
			children = (
				22FB1E53193ED83900D960F7 /* SeatingAtQburstTests.m */,
				22FB1E4E193ED83900D960F7 /* Supporting Files */,
			);
			path = SeatingAtQburstTests;
			sourceTree = "<group>";
		};
		22FB1E4E193ED83900D960F7 /* Supporting Files */ = {
			isa = PBXGroup;
			children = (
				22FB1E4F193ED83900D960F7 /* SeatingAtQburstTests-Info.plist */,
				22FB1E50193ED83900D960F7 /* InfoPlist.strings */,
			);
			name = "Supporting Files";
			sourceTree = "<group>";
		};
/* End PBXGroup section */

/* Begin PBXNativeTarget section */
		22FB1E21193ED83900D960F7 /* SeatingAtQburst */ = {
			isa = PBXNativeTarget;
			buildConfigurationList = 22FB1E57193ED83900D960F7 /* Build configuration list for PBXNativeTarget "SeatingAtQburst" */;
			buildPhases = (
				22FB1E1E193ED83900D960F7 /* Sources */,
				22FB1E1F193ED83900D960F7 /* Frameworks */,
				22FB1E20193ED83900D960F7 /* Resources */,
			);
			buildRules = (
			);
			dependencies = (
			);
			name = SeatingAtQburst;
			productName = SeatingAtQburst;
			productReference = 22FB1E22193ED83900D960F7 /* SeatingAtQburst.app */;
			productType = "com.apple.product-type.application";
		};
		22FB1E45193ED83900D960F7 /* SeatingAtQburstTests */ = {
			isa = PBXNativeTarget;
			buildConfigurationList = 22FB1E5A193ED83900D960F7 /* Build configuration list for PBXNativeTarget "SeatingAtQburstTests" */;
			buildPhases = (
				22FB1E42193ED83900D960F7 /* Sources */,
				22FB1E43193ED83900D960F7 /* Frameworks */,
				22FB1E44193ED83900D960F7 /* Resources */,
			);
			buildRules = (
			);
			dependencies = (
				22FB1E4C193ED83900D960F7 /* PBXTargetDependency */,
			);
			name = SeatingAtQburstTests;
			productName = SeatingAtQburstTests;
			productReference = 22FB1E46193ED83900D960F7 /* SeatingAtQburstTests.xctest */;
			productType = "com.apple.product-type.bundle.unit-test";
		};
/* End PBXNativeTarget section */

/* Begin PBXProject section */
		22FB1E1A193ED83900D960F7 /* Project object */ = {
			isa = PBXProject;
			attributes = {
				CLASSPREFIX = Qb;
				LastUpgradeCheck = 0500;
				ORGANIZATIONNAME = qbadmin;
				TargetAttributes = {
					22FB1E45193ED83900D960F7 = {
						TestTargetID = 22FB1E21193ED83900D960F7;
					};
				};
			};
			buildConfigurationList = 22FB1E1D193ED83900D960F7 /* Build configuration list for PBXProject "SeatingAtQburst" */;
			compatibilityVersion = "Xcode 3.2";
			developmentRegion = English;
			hasScannedForEncodings = 0;
			knownRegions = (
				en,
				Base,
			);
			mainGroup = 22FB1E19193ED83900D960F7;
			productRefGroup = 22FB1E23193ED83900D960F7 /* Products */;
			projectDirPath = "";
			projectReferences = (
				{
					ProductGroup = 22DA98F5194971DC008B1EA4 /* Products */;
					ProjectRef = 22DA98F4194971DC008B1EA4 /* ParseStarterProject.xcodeproj */;
				},
			);
			projectRoot = "";
			targets = (
				22FB1E21193ED83900D960F7 /* SeatingAtQburst */,
				22FB1E45193ED83900D960F7 /* SeatingAtQburstTests */,
			);
		};
/* End PBXProject section */

/* Begin PBXReferenceProxy section */
		22DA98F9194971DC008B1EA4 /* ParseStarterProject.app */ = {
			isa = PBXReferenceProxy;
			fileType = wrapper.application;
			path = ParseStarterProject.app;
			remoteRef = 22DA98F8194971DC008B1EA4 /* PBXContainerItemProxy */;
			sourceTree = BUILT_PRODUCTS_DIR;
		};
/* End PBXReferenceProxy section */

/* Begin PBXResourcesBuildPhase section */
		22FB1E20193ED83900D960F7 /* Resources */ = {
			isa = PBXResourcesBuildPhase;
			buildActionMask = 2147483647;
			files = (
				22D68F12194EDE7300AC37AD /* Default@2x.png in Resources */,
				22A660B3193EEF9500809658 /* download (6).jpeg in Resources */,
				22FB1E3C193ED83900D960F7 /* Main_iPad.storyboard in Resources */,
				22FB1E41193ED83900D960F7 /* Images.xcassets in Resources */,
				22A660B5193EF8E600809658 /* EmployeeDetail.plist in Resources */,
				2208951519507DE400A56F6E /* download (8).jpeg in Resources */,
				22FB1E39193ED83900D960F7 /* Main_iPhone.storyboard in Resources */,
				22FB1E30193ED83900D960F7 /* InfoPlist.strings in Resources */,
				22D9569B194571FF00AFBDB7 /* download (7).jpeg in Resources */,
			);
			runOnlyForDeploymentPostprocessing = 0;
		};
		22FB1E44193ED83900D960F7 /* Resources */ = {
			isa = PBXResourcesBuildPhase;
			buildActionMask = 2147483647;
			files = (
				22FB1E52193ED83900D960F7 /* InfoPlist.strings in Resources */,
			);
			runOnlyForDeploymentPostprocessing = 0;
		};
/* End PBXResourcesBuildPhase section */

/* Begin PBXSourcesBuildPhase section */
		22FB1E1E193ED83900D960F7 /* Sources */ = {
			isa = PBXSourcesBuildPhase;
			buildActionMask = 2147483647;
			files = (
				22FB1E32193ED83900D960F7 /* main.m in Sources */,
				22D9569E1945BA8700AFBDB7 /* SwapViewController.m in Sources */,
				22A660B8193F3B7700809658 /* SeatViewController.m in Sources */,
				22EB9EA819417BF500DB7AA2 /* NoSeatViewController.m in Sources */,
				22A660B1193EEE1C00809658 /* LogInViewController.m in Sources */,
				22EB9EA519417B9700DB7AA2 /* TableCell.m in Sources */,
				22A660AE193EEE1000809658 /* DeailsViewController.m in Sources */,
				22C9A8FF19406CB700A154B0 /* NewEmployeeViewController.m in Sources */,
				22DA990F194984A7008B1EA4 /* QbAppDelegate.m in Sources */,
			);
			runOnlyForDeploymentPostprocessing = 0;
		};
		22FB1E42193ED83900D960F7 /* Sources */ = {
			isa = PBXSourcesBuildPhase;
			buildActionMask = 2147483647;
			files = (
				22FB1E54193ED83900D960F7 /* SeatingAtQburstTests.m in Sources */,
			);
			runOnlyForDeploymentPostprocessing = 0;
		};
/* End PBXSourcesBuildPhase section */

/* Begin PBXTargetDependency section */
		22FB1E4C193ED83900D960F7 /* PBXTargetDependency */ = {
			isa = PBXTargetDependency;
			target = 22FB1E21193ED83900D960F7 /* SeatingAtQburst */;
			targetProxy = 22FB1E4B193ED83900D960F7 /* PBXContainerItemProxy */;
		};
/* End PBXTargetDependency section */

/* Begin PBXVariantGroup section */
		22FB1E2E193ED83900D960F7 /* InfoPlist.strings */ = {
			isa = PBXVariantGroup;
			children = (
				22FB1E2F193ED83900D960F7 /* en */,
			);
			name = InfoPlist.strings;
			sourceTree = "<group>";
		};
		22FB1E37193ED83900D960F7 /* Main_iPhone.storyboard */ = {
			isa = PBXVariantGroup;
			children = (
				22FB1E38193ED83900D960F7 /* Base */,
			);
			name = Main_iPhone.storyboard;
			path = SeatingAtQburst;
			sourceTree = "<group>";
		};
		22FB1E3A193ED83900D960F7 /* Main_iPad.storyboard */ = {
			isa = PBXVariantGroup;
			children = (
				22FB1E3B193ED83900D960F7 /* Base */,
			);
			name = Main_iPad.storyboard;
			sourceTree = "<group>";
		};
		22FB1E50193ED83900D960F7 /* InfoPlist.strings */ = {
			isa = PBXVariantGroup;
			children = (
				22FB1E51193ED83900D960F7 /* en */,
			);
			name = InfoPlist.strings;
			sourceTree = "<group>";
		};
/* End PBXVariantGroup section */

/* Begin XCBuildConfiguration section */
		22FB1E55193ED83900D960F7 /* Debug */ = {
			isa = XCBuildConfiguration;
			buildSettings = {
				ALWAYS_SEARCH_USER_PATHS = NO;
				ARCHS = "$(ARCHS_STANDARD_INCLUDING_64_BIT)";
				CLANG_CXX_LANGUAGE_STANDARD = "gnu++0x";
				CLANG_CXX_LIBRARY = "libc++";
				CLANG_ENABLE_MODULES = YES;
				CLANG_ENABLE_OBJC_ARC = YES;
				CLANG_WARN_BOOL_CONVERSION = YES;
				CLANG_WARN_CONSTANT_CONVERSION = YES;
				CLANG_WARN_DIRECT_OBJC_ISA_USAGE = YES_ERROR;
				CLANG_WARN_EMPTY_BODY = YES;
				CLANG_WARN_ENUM_CONVERSION = YES;
				CLANG_WARN_INT_CONVERSION = YES;
				CLANG_WARN_OBJC_ROOT_CLASS = YES_ERROR;
				CLANG_WARN__DUPLICATE_METHOD_MATCH = YES;
				"CODE_SIGN_IDENTITY[sdk=iphoneos*]" = "iPhone Developer";
				COPY_PHASE_STRIP = NO;
				GCC_C_LANGUAGE_STANDARD = gnu99;
				GCC_DYNAMIC_NO_PIC = NO;
				GCC_OPTIMIZATION_LEVEL = 0;
				GCC_PREPROCESSOR_DEFINITIONS = (
					"DEBUG=1",
					"$(inherited)",
				);
				GCC_SYMBOLS_PRIVATE_EXTERN = NO;
				GCC_WARN_64_TO_32_BIT_CONVERSION = YES;
				GCC_WARN_ABOUT_RETURN_TYPE = YES_ERROR;
				GCC_WARN_UNDECLARED_SELECTOR = YES;
				GCC_WARN_UNINITIALIZED_AUTOS = YES;
				GCC_WARN_UNUSED_FUNCTION = YES;
				GCC_WARN_UNUSED_VARIABLE = YES;
				IPHONEOS_DEPLOYMENT_TARGET = 7.0;
				ONLY_ACTIVE_ARCH = YES;
				SDKROOT = iphoneos;
				TARGETED_DEVICE_FAMILY = "1,2";
			};
			name = Debug;
		};
		22FB1E56193ED83900D960F7 /* Release */ = {
			isa = XCBuildConfiguration;
			buildSettings = {
				ALWAYS_SEARCH_USER_PATHS = NO;
				ARCHS = "$(ARCHS_STANDARD_INCLUDING_64_BIT)";
				CLANG_CXX_LANGUAGE_STANDARD = "gnu++0x";
				CLANG_CXX_LIBRARY = "libc++";
				CLANG_ENABLE_MODULES = YES;
				CLANG_ENABLE_OBJC_ARC = YES;
				CLANG_WARN_BOOL_CONVERSION = YES;
				CLANG_WARN_CONSTANT_CONVERSION = YES;
				CLANG_WARN_DIRECT_OBJC_ISA_USAGE = YES_ERROR;
				CLANG_WARN_EMPTY_BODY = YES;
				CLANG_WARN_ENUM_CONVERSION = YES;
				CLANG_WARN_INT_CONVERSION = YES;
				CLANG_WARN_OBJC_ROOT_CLASS = YES_ERROR;
				CLANG_WARN__DUPLICATE_METHOD_MATCH = YES;
				"CODE_SIGN_IDENTITY[sdk=iphoneos*]" = "iPhone Developer";
				COPY_PHASE_STRIP = YES;
				ENABLE_NS_ASSERTIONS = NO;
				GCC_C_LANGUAGE_STANDARD = gnu99;
				GCC_WARN_64_TO_32_BIT_CONVERSION = YES;
				GCC_WARN_ABOUT_RETURN_TYPE = YES_ERROR;
				GCC_WARN_UNDECLARED_SELECTOR = YES;
				GCC_WARN_UNINITIALIZED_AUTOS = YES;
				GCC_WARN_UNUSED_FUNCTION = YES;
				GCC_WARN_UNUSED_VARIABLE = YES;
				IPHONEOS_DEPLOYMENT_TARGET = 7.0;
				SDKROOT = iphoneos;
				TARGETED_DEVICE_FAMILY = "1,2";
				VALIDATE_PRODUCT = YES;
			};
			name = Release;
		};
		22FB1E58193ED83900D960F7 /* Debug */ = {
			isa = XCBuildConfiguration;
			buildSettings = {
				ASSETCATALOG_COMPILER_APPICON_NAME = AppIcon;
				ASSETCATALOG_COMPILER_LAUNCHIMAGE_NAME = LaunchImage;
				FRAMEWORK_SEARCH_PATHS = (
					"$(inherited)",
					/Users/QBAdmin/Downloads/ParseStarterProject,
				);
				GCC_PRECOMPILE_PREFIX_HEADER = YES;
				GCC_PREFIX_HEADER = "SeatingAtQburst/SeatingAtQburst-Prefix.pch";
				INFOPLIST_FILE = "SeatingAtQburst/SeatingAtQburst-Info.plist";
				LIBRARY_SEARCH_PATHS = (
					"$(inherited)",
					/Users/QBAdmin/Documents/ParseStarterProject/Parse.framework,
				);
				PRODUCT_NAME = "$(TARGET_NAME)";
				WRAPPER_EXTENSION = app;
			};
			name = Debug;
		};
		22FB1E59193ED83900D960F7 /* Release */ = {
			isa = XCBuildConfiguration;
			buildSettings = {
				ASSETCATALOG_COMPILER_APPICON_NAME = AppIcon;
				ASSETCATALOG_COMPILER_LAUNCHIMAGE_NAME = LaunchImage;
				FRAMEWORK_SEARCH_PATHS = (
					"$(inherited)",
					/Users/QBAdmin/Downloads/ParseStarterProject,
				);
				GCC_PRECOMPILE_PREFIX_HEADER = YES;
				GCC_PREFIX_HEADER = "SeatingAtQburst/SeatingAtQburst-Prefix.pch";
				INFOPLIST_FILE = "SeatingAtQburst/SeatingAtQburst-Info.plist";
				LIBRARY_SEARCH_PATHS = (
					"$(inherited)",
					/Users/QBAdmin/Documents/ParseStarterProject/Parse.framework,
				);
				PRODUCT_NAME = "$(TARGET_NAME)";
				WRAPPER_EXTENSION = app;
			};
			name = Release;
		};
		22FB1E5B193ED83900D960F7 /* Debug */ = {
			isa = XCBuildConfiguration;
			buildSettings = {
				ARCHS = "$(ARCHS_STANDARD_INCLUDING_64_BIT)";
				BUNDLE_LOADER = "$(BUILT_PRODUCTS_DIR)/SeatingAtQburst.app/SeatingAtQburst";
				FRAMEWORK_SEARCH_PATHS = (
					"$(SDKROOT)/Developer/Library/Frameworks",
					"$(inherited)",
					"$(DEVELOPER_FRAMEWORKS_DIR)",
				);
				GCC_PRECOMPILE_PREFIX_HEADER = YES;
				GCC_PREFIX_HEADER = "SeatingAtQburst/SeatingAtQburst-Prefix.pch";
				GCC_PREPROCESSOR_DEFINITIONS = (
					"DEBUG=1",
					"$(inherited)",
				);
				INFOPLIST_FILE = "SeatingAtQburstTests/SeatingAtQburstTests-Info.plist";
				PRODUCT_NAME = "$(TARGET_NAME)";
				TEST_HOST = "$(BUNDLE_LOADER)";
				WRAPPER_EXTENSION = xctest;
			};
			name = Debug;
		};
		22FB1E5C193ED83900D960F7 /* Release */ = {
			isa = XCBuildConfiguration;
			buildSettings = {
				ARCHS = "$(ARCHS_STANDARD_INCLUDING_64_BIT)";
				BUNDLE_LOADER = "$(BUILT_PRODUCTS_DIR)/SeatingAtQburst.app/SeatingAtQburst";
				FRAMEWORK_SEARCH_PATHS = (
					"$(SDKROOT)/Developer/Library/Frameworks",
					"$(inherited)",
					"$(DEVELOPER_FRAMEWORKS_DIR)",
				);
				GCC_PRECOMPILE_PREFIX_HEADER = YES;
				GCC_PREFIX_HEADER = "SeatingAtQburst/SeatingAtQburst-Prefix.pch";
				INFOPLIST_FILE = "SeatingAtQburstTests/SeatingAtQburstTests-Info.plist";
				PRODUCT_NAME = "$(TARGET_NAME)";
				TEST_HOST = "$(BUNDLE_LOADER)";
				WRAPPER_EXTENSION = xctest;
			};
			name = Release;
		};
/* End XCBuildConfiguration section */

/* Begin XCConfigurationList section */
		22FB1E1D193ED83900D960F7 /* Build configuration list for PBXProject "SeatingAtQburst" */ = {
			isa = XCConfigurationList;
			buildConfigurations = (
				22FB1E55193ED83900D960F7 /* Debug */,
				22FB1E56193ED83900D960F7 /* Release */,
			);
			defaultConfigurationIsVisible = 0;
			defaultConfigurationName = Release;
		};
		22FB1E57193ED83900D960F7 /* Build configuration list for PBXNativeTarget "SeatingAtQburst" */ = {
			isa = XCConfigurationList;
			buildConfigurations = (
				22FB1E58193ED83900D960F7 /* Debug */,
				22FB1E59193ED83900D960F7 /* Release */,
			);
			defaultConfigurationIsVisible = 0;
			defaultConfigurationName = Release;
		};
		22FB1E5A193ED83900D960F7 /* Build configuration list for PBXNativeTarget "SeatingAtQburstTests" */ = {
			isa = XCConfigurationList;
			buildConfigurations = (
				22FB1E5B193ED83900D960F7 /* Debug */,
				22FB1E5C193ED83900D960F7 /* Release */,
			);
			defaultConfigurationIsVisible = 0;
			defaultConfigurationName = Release;
		};
/* End XCConfigurationList section */
	};
	rootObject = 22FB1E1A193ED83900D960F7 /* Project object */;
}
